
Microsoft Visual Studio Solution File, Format Version 12.00
# Visual Studio Version 16
VisualStudioVersion = 16.0.31624.102
MinimumVisualStudioVersion = 10.0.40219.1
Project("{FAE04EC0-301F-11D3-BF4B-00C04F79EFBC}") = "PageModel", "AutomationUI\PageModel\PageModel.csproj", "{26F33A40-D7B6-4768-AB8D-1D3288ABCFC7}"
EndProject
Project("{FAE04EC0-301F-11D3-BF4B-00C04F79EFBC}") = "Tests", "AutomationUI\Tests\Tests.csproj", "{A3CE3543-2F87-42D5-BDE0-B2EF7BEF15DC}"
EndProject
Global
	GlobalSection(SolutionConfigurationPlatforms) = preSolution
		Debug|Any CPU = Debug|Any CPU
		Release|Any CPU = Release|Any CPU
	EndGlobalSection
	GlobalSection(ProjectConfigurationPlatforms) = postSolution
		{26F33A40-D7B6-4768-AB8D-1D3288ABCFC7}.Debug|Any CPU.ActiveCfg = Debug|Any CPU
		{26F33A40-D7B6-4768-AB8D-1D3288ABCFC7}.Debug|Any CPU.Build.0 = Debug|Any CPU
		{26F33A40-D7B6-4768-AB8D-1D3288ABCFC7}.Release|Any CPU.ActiveCfg = Release|Any CPU
		{26F33A40-D7B6-4768-AB8D-1D3288ABCFC7}.Release|Any CPU.Build.0 = Release|Any CPU
		{A3CE3543-2F87-42D5-BDE0-B2EF7BEF15DC}.Debug|Any CPU.ActiveCfg = Debug|Any CPU
		{A3CE3543-2F87-42D5-BDE0-B2EF7BEF15DC}.Debug|Any CPU.Build.0 = Debug|Any CPU
		{A3CE3543-2F87-42D5-BDE0-B2EF7BEF15DC}.Release|Any CPU.ActiveCfg = Release|Any CPU
		{A3CE3543-2F87-42D5-BDE0-B2EF7BEF15DC}.Release|Any CPU.Build.0 = Release|Any CPU
	EndGlobalSection
	GlobalSection(SolutionProperties) = preSolution
		HideSolutionNode = FALSE
	EndGlobalSection
	GlobalSection(ExtensibilityGlobals) = postSolution
		SolutionGuid = {6E1BA8C9-A30B-47FC-8368-7E05E5D2D494}
	EndGlobalSection
EndGlobal
